
Microsoft Visual Studio Solution File, Format Version 12.00
# Visual Studio Version 17
VisualStudioVersion = 17.7.34202.233
MinimumVisualStudioVersion = 10.0.40219.1
Project("{FAE04EC0-301F-11D3-BF4B-00C04F79EFBC}") = "Piloton_BogottoProject", "Piloton_BogottoProject\Piloton_BogottoProject.csproj", "{0FC302BC-8A9B-4E6C-BFE0-82ABBE4DD333}"
EndProject
Global
	GlobalSection(SolutionConfigurationPlatforms) = preSolution
		Debug|Any CPU = Debug|Any CPU
		Release|Any CPU = Release|Any CPU
	EndGlobalSection
	GlobalSection(ProjectConfigurationPlatforms) = postSolution
		{0FC302BC-8A9B-4E6C-BFE0-82ABBE4DD333}.Debug|Any CPU.ActiveCfg = Debug|Any CPU
		{0FC302BC-8A9B-4E6C-BFE0-82ABBE4DD333}.Debug|Any CPU.Build.0 = Debug|Any CPU
		{0FC302BC-8A9B-4E6C-BFE0-82ABBE4DD333}.Release|Any CPU.ActiveCfg = Release|Any CPU
		{0FC302BC-8A9B-4E6C-BFE0-82ABBE4DD333}.Release|Any CPU.Build.0 = Release|Any CPU
	EndGlobalSection
	GlobalSection(SolutionProperties) = preSolution
		HideSolutionNode = FALSE
	EndGlobalSection
	GlobalSection(ExtensibilityGlobals) = postSolution
		SolutionGuid = {C1D490CB-D91C-4ED8-A1AA-7E838270EE89}
	EndGlobalSection
EndGlobal
